Microsoft Visual Studio Solution File, Format Version 12.00
# Visual Studio Version 17
VisualStudioVersion = 17.5.2.0
MinimumVisualStudioVersion = 10.0.40219.1
Project("{FAE04EC0-301F-11D3-BF4B-00C04F79EFBC}") = "SportsCompetition", "SportsCompetition.csproj", "{15F1A2C5-DC88-0FA4-3DF7-0D3683FC45DB}"
EndProject
Global
	GlobalSection(SolutionConfigurationPlatforms) = preSolution
		Debug|Any CPU = Debug|Any CPU
		Release|Any CPU = Release|Any CPU
	EndGlobalSection
	GlobalSection(ProjectConfigurationPlatforms) = postSolution
		{15F1A2C5-DC88-0FA4-3DF7-0D3683FC45DB}.Debug|Any CPU.ActiveCfg = Debug|Any CPU
		{15F1A2C5-DC88-0FA4-3DF7-0D3683FC45DB}.Debug|Any CPU.Build.0 = Debug|Any CPU
		{15F1A2C5-DC88-0FA4-3DF7-0D3683FC45DB}.Release|Any CPU.ActiveCfg = Release|Any CPU
		{15F1A2C5-DC88-0FA4-3DF7-0D3683FC45DB}.Release|Any CPU.Build.0 = Release|Any CPU
	EndGlobalSection
	GlobalSection(SolutionProperties) = preSolution
		HideSolutionNode = FALSE
	EndGlobalSection
	GlobalSection(ExtensibilityGlobals) = postSolution
		SolutionGuid = {6F3F5DBC-CB75-4D70-A35E-8A9114156EF1}
	EndGlobalSection
EndGlobal
